
Microsoft Visual Studio Solution File, Format Version 12.00
# Visual Studio 15
VisualStudioVersion = 15.0.27004.2010
MinimumVisualStudioVersion = 10.0.40219.1
Project("{2150E333-8FDC-42A3-9474-1A3956D46DE8}") = "Visual CSharp 和 Visual Basic 入门", "Visual CSharp 和 Visual Basic 入门", "{643870BC-C52F-4999-AE26-6DDF4419BA5F}"
EndProject
Project("{2150E333-8FDC-42A3-9474-1A3956D46DE8}") = "演练：使用 Visual CSharp 或 VIsual Basic 创建简单应用程序", "演练：使用 Visual CSharp 或 VIsual Basic 创建简单应用程序", "{697EA898-12B4-4FDA-98E5-1A30CD83D105}"
EndProject
Project("{FAE04EC0-301F-11D3-BF4B-00C04F79EFBC}") = "WPF_CSharp_HelloWPFApp", "WPF_CSharp_HelloWPFApp\WPF_CSharp_HelloWPFApp.csproj", "{AA8FBD76-0B49-4D84-9BD2-E83DE10BD044}"
EndProject
Project("{2150E333-8FDC-42A3-9474-1A3956D46DE8}") = "教程1：创建图片查看器", "教程1：创建图片查看器", "{78B63D62-6C07-4728-A270-91E10E7E2FFA}"
EndProject
Project("{FAE04EC0-301F-11D3-BF4B-00C04F79EFBC}") = "WF_CSharp_PictureViewer", "WF_CSharp_PictureViewer\WF_CSharp_PictureViewer.csproj", "{E5307FC8-D324-4F85-B85A-50C95959C9F4}"
EndProject
Project("{2150E333-8FDC-42A3-9474-1A3956D46DE8}") = "教程2：创建计时数学测验", "教程2：创建计时数学测验", "{A5057747-7C1C-4371-9588-A235FB61062F}"
EndProject
Project("{FAE04EC0-301F-11D3-BF4B-00C04F79EFBC}") = "WF_CSharp_MathQuiz", "WF_CSharp_MathQuiz\WF_CSharp_MathQuiz.csproj", "{C906FF72-3895-492F-81B7-1B11C9A40A0F}"
EndProject
Project("{2150E333-8FDC-42A3-9474-1A3956D46DE8}") = "教程3：创建匹配游戏", "教程3：创建匹配游戏", "{D282A5A0-5544-4EBE-B673-FBD4E46109D0}"
EndProject
Project("{FAE04EC0-301F-11D3-BF4B-00C04F79EFBC}") = "WF_CSharp_MatchingGame", "WF_CSharp_MatchingGame\WF_CSharp_MatchingGame.csproj", "{485CDF2D-4648-4446-99AE-22541EB77F15}"
EndProject
Project("{F184B08F-C81C-45F6-A57F-5ABD9991F28F}") = "WPF_VB_MatchingGame", "WPF_VB_MatchingGame\WPF_VB_MatchingGame.vbproj", "{E5253EB9-54D1-4E86-A95B-9302837CB55F}"
EndProject
Project("{2150E333-8FDC-42A3-9474-1A3956D46DE8}") = "使用 Async 和 Await 的异步编程", "使用 Async 和 Await 的异步编程", "{71FC6C8F-94BA-4096-9416-7587426E8703}"
EndProject
Project("{2150E333-8FDC-42A3-9474-1A3956D46DE8}") = "演练：使用 Async 和 Await 访问 Web", "演练：使用 Async 和 Await 访问 Web", "{C683E3AA-C071-4B5B-9D69-4A339F37F381}"
EndProject
Project("{FAE04EC0-301F-11D3-BF4B-00C04F79EFBC}") = "WPF_CSharp_AsyncExampleWPF", "WPF_CSharp_AsyncExampleWPF\WPF_CSharp_AsyncExampleWPF.csproj", "{7DCEDCA9-7FB6-4114-BBF6-743D9A484557}"
EndProject
Project("{2150E333-8FDC-42A3-9474-1A3956D46DE8}") = "如何：使用 Task.WhenAll 扩展异步演练", "如何：使用 Task.WhenAll 扩展异步演练", "{42FF1B0E-33B6-48AB-832C-44465A0A58F8}"
	ProjectSection(SolutionItems) = preProject
		见“演练：使用 Async 和 Await 访问 Web.”txt = 见“演练：使用 Async 和 Await 访问 Web.”txt
	EndProjectSection
EndProject
Project("{2150E333-8FDC-42A3-9474-1A3956D46DE8}") = "如何：使用 Async 和 Await 并行发起多个 Web 请求", "如何：使用 Async 和 Await 并行发起多个 Web 请求", "{02053CE1-286E-4CB3-83C5-3CCAFCA7185B}"
	ProjectSection(SolutionItems) = preProject
		见“演练：使用 Async 和 Await 访问 Web.”txt = 见“演练：使用 Async 和 Await 访问 Web.”txt
	EndProjectSection
EndProject
Project("{2150E333-8FDC-42A3-9474-1A3956D46DE8}") = "异步返回类型", "异步返回类型", "{FA661A36-DE6C-4794-9544-D0C70CC58815}"
EndProject
Project("{FAE04EC0-301F-11D3-BF4B-00C04F79EFBC}") = "WPF_CSharp_AsyncReturnTypes", "WPF_CSharp_AsyncReturnTypes\WPF_CSharp_AsyncReturnTypes.csproj", "{24842930-3716-431E-9EA4-CEA67C9E792A}"
EndProject
Project("{2150E333-8FDC-42A3-9474-1A3956D46DE8}") = "异步程序中的控制流", "异步程序中的控制流", "{8A5AC621-8BC2-47C8-8634-38122D9801B6}"
EndProject
Project("{FAE04EC0-301F-11D3-BF4B-00C04F79EFBC}") = "WPF_CSharp_AsyncTracer", "WPF_CSharp_AsyncTracer\WPF_CSharp_AsyncTracer.csproj", "{82A455D7-A6BB-440D-8CF9-78868729E482}"
EndProject
Project("{2150E333-8FDC-42A3-9474-1A3956D46DE8}") = "微调异步应用程序", "微调异步应用程序", "{A8E5FAFC-762D-48BF-BDFD-9DE6712F09D2}"
EndProject
Project("{2150E333-8FDC-42A3-9474-1A3956D46DE8}") = "取消一个异步任务或一组任务", "取消一个异步任务或一组任务", "{A4379915-0686-4B9E-95DE-0C8C5C8A3C52}"
EndProject
Project("{FAE04EC0-301F-11D3-BF4B-00C04F79EFBC}") = "WPF_CSharp_CancelATask", "WPF_CSharp_CancelATask\WPF_CSharp_CancelATask.csproj", "{F3E3BB42-3588-4404-8BAD-6F9B6A3BF4FE}"
EndProject
Project("{FAE04EC0-301F-11D3-BF4B-00C04F79EFBC}") = "WPF_CSharp_CancelAListOfTasks", "WPF_CSharp_CancelAListOfTasks\WPF_CSharp_CancelAListOfTasks.csproj", "{E2039174-3276-4EFD-9FD7-5D0F92C2AA8F}"
EndProject
Project("{2150E333-8FDC-42A3-9474-1A3956D46DE8}") = "在一段时间后取消异步任务", "在一段时间后取消异步任务", "{3B3016BA-4222-4188-AAF4-E818341BF9E3}"
EndProject
Project("{FAE04EC0-301F-11D3-BF4B-00C04F79EFBC}") = "WPF_CSharp_CancelAfterTime", "WPF_CSharp_CancelAfterTime\WPF_CSharp_CancelAfterTime.csproj", "{6F33813B-70FE-44BD-A253-EE6E997D73CE}"
EndProject
Project("{2150E333-8FDC-42A3-9474-1A3956D46DE8}") = "在完成一个异步任务后取消剩余任务", "在完成一个异步任务后取消剩余任务", "{CFE94A60-A944-4579-A4C7-1A9A332408E8}"
EndProject
Project("{FAE04EC0-301F-11D3-BF4B-00C04F79EFBC}") = "WPF_CSharp_CancelAfterOneTask", "WPF_CSharp_CancelAfterOneTask\WPF_CSharp_CancelAfterOneTask.csproj", "{F8D48698-34E0-4AC3-BA57-B474E19AF0B8}"
EndProject
Project("{2150E333-8FDC-42A3-9474-1A3956D46DE8}") = "启动多个异步任务并在其完成时进行处理", "启动多个异步任务并在其完成时进行处理", "{D5AE5C94-053D-4606-91DC-70E0EF0023C0}"
EndProject
Project("{FAE04EC0-301F-11D3-BF4B-00C04F79EFBC}") = "WPF_CSharp_ProcessTasksAsTheyFinish", "WPF_CSharp_ProcessTasksAsTheyFinish\WPF_CSharp_ProcessTasksAsTheyFinish.csproj", "{5E6A6D6B-388C-452D-AABA-AD6F0BB7C6F0}"
EndProject
Project("{2150E333-8FDC-42A3-9474-1A3956D46DE8}") = "处理异步应用程序中的重入", "处理异步应用程序中的重入", "{9D3F10F7-BB73-4D8F-9449-9E2CE324026C}"
EndProject
Project("{FAE04EC0-301F-11D3-BF4B-00C04F79EFBC}") = "WPF_CSharp_CancelAndRestart", "WPF_CSharp_CancelAndRestart\WPF_CSharp_CancelAndRestart.csproj", "{3B00E850-80E7-4F6D-8414-437CEE5C9443}"
EndProject
Project("{FAE04EC0-301F-11D3-BF4B-00C04F79EFBC}") = "WPF_CSharp_DisableStartButton", "WPF_CSharp_DisableStartButton\WPF_CSharp_DisableStartButton.csproj", "{0BDC562F-1AD8-470E-ADB8-76FF6AFE30B2}"
EndProject
Project("{FAE04EC0-301F-11D3-BF4B-00C04F79EFBC}") = "WPF_CSharp_QueueResults", "WPF_CSharp_QueueResults\WPF_CSharp_QueueResults.csproj", "{FB7739F8-BAFC-4326-85B6-BE374907255D}"
EndProject
Project("{F184B08F-C81C-45F6-A57F-5ABD9991F28F}") = "WPF_VB_QueueResults", "WPF_VB_QueueResults\WPF_VB_QueueResults.vbproj", "{B10DCA45-F394-40D6-959B-0636C9A8E448}"
EndProject
Global
	GlobalSection(SolutionConfigurationPlatforms) = preSolution
		Debug|Any CPU = Debug|Any CPU
		Release|Any CPU = Release|Any CPU
	EndGlobalSection
	GlobalSection(ProjectConfigurationPlatforms) = postSolution
		{AA8FBD76-0B49-4D84-9BD2-E83DE10BD044}.Debug|Any CPU.ActiveCfg = Debug|Any CPU
		{AA8FBD76-0B49-4D84-9BD2-E83DE10BD044}.Debug|Any CPU.Build.0 = Debug|Any CPU
		{AA8FBD76-0B49-4D84-9BD2-E83DE10BD044}.Release|Any CPU.ActiveCfg = Release|Any CPU
		{AA8FBD76-0B49-4D84-9BD2-E83DE10BD044}.Release|Any CPU.Build.0 = Release|Any CPU
		{E5307FC8-D324-4F85-B85A-50C95959C9F4}.Debug|Any CPU.ActiveCfg = Debug|Any CPU
		{E5307FC8-D324-4F85-B85A-50C95959C9F4}.Debug|Any CPU.Build.0 = Debug|Any CPU
		{E5307FC8-D324-4F85-B85A-50C95959C9F4}.Release|Any CPU.ActiveCfg = Release|Any CPU
		{E5307FC8-D324-4F85-B85A-50C95959C9F4}.Release|Any CPU.Build.0 = Release|Any CPU
		{C906FF72-3895-492F-81B7-1B11C9A40A0F}.Debug|Any CPU.ActiveCfg = Debug|Any CPU
		{C906FF72-3895-492F-81B7-1B11C9A40A0F}.Debug|Any CPU.Build.0 = Debug|Any CPU
		{C906FF72-3895-492F-81B7-1B11C9A40A0F}.Release|Any CPU.ActiveCfg = Release|Any CPU
		{C906FF72-3895-492F-81B7-1B11C9A40A0F}.Release|Any CPU.Build.0 = Release|Any CPU
		{485CDF2D-4648-4446-99AE-22541EB77F15}.Debug|Any CPU.ActiveCfg = Debug|Any CPU
		{485CDF2D-4648-4446-99AE-22541EB77F15}.Debug|Any CPU.Build.0 = Debug|Any CPU
		{485CDF2D-4648-4446-99AE-22541EB77F15}.Release|Any CPU.ActiveCfg = Release|Any CPU
		{485CDF2D-4648-4446-99AE-22541EB77F15}.Release|Any CPU.Build.0 = Release|Any CPU
		{E5253EB9-54D1-4E86-A95B-9302837CB55F}.Debug|Any CPU.ActiveCfg = Debug|Any CPU
		{E5253EB9-54D1-4E86-A95B-9302837CB55F}.Debug|Any CPU.Build.0 = Debug|Any CPU
		{E5253EB9-54D1-4E86-A95B-9302837CB55F}.Release|Any CPU.ActiveCfg = Release|Any CPU
		{E5253EB9-54D1-4E86-A95B-9302837CB55F}.Release|Any CPU.Build.0 = Release|Any CPU
		{7DCEDCA9-7FB6-4114-BBF6-743D9A484557}.Debug|Any CPU.ActiveCfg = Debug|Any CPU
		{7DCEDCA9-7FB6-4114-BBF6-743D9A484557}.Debug|Any CPU.Build.0 = Debug|Any CPU
		{7DCEDCA9-7FB6-4114-BBF6-743D9A484557}.Release|Any CPU.ActiveCfg = Release|Any CPU
		{7DCEDCA9-7FB6-4114-BBF6-743D9A484557}.Release|Any CPU.Build.0 = Release|Any CPU
		{24842930-3716-431E-9EA4-CEA67C9E792A}.Debug|Any CPU.ActiveCfg = Debug|Any CPU
		{24842930-3716-431E-9EA4-CEA67C9E792A}.Debug|Any CPU.Build.0 = Debug|Any CPU
		{24842930-3716-431E-9EA4-CEA67C9E792A}.Release|Any CPU.ActiveCfg = Release|Any CPU
		{24842930-3716-431E-9EA4-CEA67C9E792A}.Release|Any CPU.Build.0 = Release|Any CPU
		{82A455D7-A6BB-440D-8CF9-78868729E482}.Debug|Any CPU.ActiveCfg = Debug|Any CPU
		{82A455D7-A6BB-440D-8CF9-78868729E482}.Debug|Any CPU.Build.0 = Debug|Any CPU
		{82A455D7-A6BB-440D-8CF9-78868729E482}.Release|Any CPU.ActiveCfg = Release|Any CPU
		{82A455D7-A6BB-440D-8CF9-78868729E482}.Release|Any CPU.Build.0 = Release|Any CPU
		{F3E3BB42-3588-4404-8BAD-6F9B6A3BF4FE}.Debug|Any CPU.ActiveCfg = Debug|Any CPU
		{F3E3BB42-3588-4404-8BAD-6F9B6A3BF4FE}.Debug|Any CPU.Build.0 = Debug|Any CPU
		{F3E3BB42-3588-4404-8BAD-6F9B6A3BF4FE}.Release|Any CPU.ActiveCfg = Release|Any CPU
		{F3E3BB42-3588-4404-8BAD-6F9B6A3BF4FE}.Release|Any CPU.Build.0 = Release|Any CPU
		{E2039174-3276-4EFD-9FD7-5D0F92C2AA8F}.Debug|Any CPU.ActiveCfg = Debug|Any CPU
		{E2039174-3276-4EFD-9FD7-5D0F92C2AA8F}.Debug|Any CPU.Build.0 = Debug|Any CPU
		{E2039174-3276-4EFD-9FD7-5D0F92C2AA8F}.Release|Any CPU.ActiveCfg = Release|Any CPU
		{E2039174-3276-4EFD-9FD7-5D0F92C2AA8F}.Release|Any CPU.Build.0 = Release|Any CPU
		{6F33813B-70FE-44BD-A253-EE6E997D73CE}.Debug|Any CPU.ActiveCfg = Debug|Any CPU
		{6F33813B-70FE-44BD-A253-EE6E997D73CE}.Debug|Any CPU.Build.0 = Debug|Any CPU
		{6F33813B-70FE-44BD-A253-EE6E997D73CE}.Release|Any CPU.ActiveCfg = Release|Any CPU
		{6F33813B-70FE-44BD-A253-EE6E997D73CE}.Release|Any CPU.Build.0 = Release|Any CPU
		{F8D48698-34E0-4AC3-BA57-B474E19AF0B8}.Debug|Any CPU.ActiveCfg = Debug|Any CPU
		{F8D48698-34E0-4AC3-BA57-B474E19AF0B8}.Debug|Any CPU.Build.0 = Debug|Any CPU
		{F8D48698-34E0-4AC3-BA57-B474E19AF0B8}.Release|Any CPU.ActiveCfg = Release|Any CPU
		{F8D48698-34E0-4AC3-BA57-B474E19AF0B8}.Release|Any CPU.Build.0 = Release|Any CPU
		{5E6A6D6B-388C-452D-AABA-AD6F0BB7C6F0}.Debug|Any CPU.ActiveCfg = Debug|Any CPU
		{5E6A6D6B-388C-452D-AABA-AD6F0BB7C6F0}.Debug|Any CPU.Build.0 = Debug|Any CPU
		{5E6A6D6B-388C-452D-AABA-AD6F0BB7C6F0}.Release|Any CPU.ActiveCfg = Release|Any CPU
		{5E6A6D6B-388C-452D-AABA-AD6F0BB7C6F0}.Release|Any CPU.Build.0 = Release|Any CPU
		{3B00E850-80E7-4F6D-8414-437CEE5C9443}.Debug|Any CPU.ActiveCfg = Debug|Any CPU
		{3B00E850-80E7-4F6D-8414-437CEE5C9443}.Debug|Any CPU.Build.0 = Debug|Any CPU
		{3B00E850-80E7-4F6D-8414-437CEE5C9443}.Release|Any CPU.ActiveCfg = Release|Any CPU
		{3B00E850-80E7-4F6D-8414-437CEE5C9443}.Release|Any CPU.Build.0 = Release|Any CPU
		{0BDC562F-1AD8-470E-ADB8-76FF6AFE30B2}.Debug|Any CPU.ActiveCfg = Debug|Any CPU
		{0BDC562F-1AD8-470E-ADB8-76FF6AFE30B2}.Debug|Any CPU.Build.0 = Debug|Any CPU
		{0BDC562F-1AD8-470E-ADB8-76FF6AFE30B2}.Release|Any CPU.ActiveCfg = Release|Any CPU
		{0BDC562F-1AD8-470E-ADB8-76FF6AFE30B2}.Release|Any CPU.Build.0 = Release|Any CPU
		{FB7739F8-BAFC-4326-85B6-BE374907255D}.Debug|Any CPU.ActiveCfg = Debug|Any CPU
		{FB7739F8-BAFC-4326-85B6-BE374907255D}.Debug|Any CPU.Build.0 = Debug|Any CPU
		{FB7739F8-BAFC-4326-85B6-BE374907255D}.Release|Any CPU.ActiveCfg = Release|Any CPU
		{FB7739F8-BAFC-4326-85B6-BE374907255D}.Release|Any CPU.Build.0 = Release|Any CPU
		{B10DCA45-F394-40D6-959B-0636C9A8E448}.Debug|Any CPU.ActiveCfg = Debug|Any CPU
		{B10DCA45-F394-40D6-959B-0636C9A8E448}.Debug|Any CPU.Build.0 = Debug|Any CPU
		{B10DCA45-F394-40D6-959B-0636C9A8E448}.Release|Any CPU.ActiveCfg = Release|Any CPU
		{B10DCA45-F394-40D6-959B-0636C9A8E448}.Release|Any CPU.Build.0 = Release|Any CPU
	EndGlobalSection
	GlobalSection(SolutionProperties) = preSolution
		HideSolutionNode = FALSE
	EndGlobalSection
	GlobalSection(NestedProjects) = preSolution
		{697EA898-12B4-4FDA-98E5-1A30CD83D105} = {643870BC-C52F-4999-AE26-6DDF4419BA5F}
		{AA8FBD76-0B49-4D84-9BD2-E83DE10BD044} = {697EA898-12B4-4FDA-98E5-1A30CD83D105}
		{78B63D62-6C07-4728-A270-91E10E7E2FFA} = {643870BC-C52F-4999-AE26-6DDF4419BA5F}
		{E5307FC8-D324-4F85-B85A-50C95959C9F4} = {78B63D62-6C07-4728-A270-91E10E7E2FFA}
		{A5057747-7C1C-4371-9588-A235FB61062F} = {643870BC-C52F-4999-AE26-6DDF4419BA5F}
		{C906FF72-3895-492F-81B7-1B11C9A40A0F} = {A5057747-7C1C-4371-9588-A235FB61062F}
		{D282A5A0-5544-4EBE-B673-FBD4E46109D0} = {643870BC-C52F-4999-AE26-6DDF4419BA5F}
		{485CDF2D-4648-4446-99AE-22541EB77F15} = {D282A5A0-5544-4EBE-B673-FBD4E46109D0}
		{E5253EB9-54D1-4E86-A95B-9302837CB55F} = {D282A5A0-5544-4EBE-B673-FBD4E46109D0}
		{C683E3AA-C071-4B5B-9D69-4A339F37F381} = {71FC6C8F-94BA-4096-9416-7587426E8703}
		{7DCEDCA9-7FB6-4114-BBF6-743D9A484557} = {C683E3AA-C071-4B5B-9D69-4A339F37F381}
		{42FF1B0E-33B6-48AB-832C-44465A0A58F8} = {71FC6C8F-94BA-4096-9416-7587426E8703}
		{02053CE1-286E-4CB3-83C5-3CCAFCA7185B} = {71FC6C8F-94BA-4096-9416-7587426E8703}
		{FA661A36-DE6C-4794-9544-D0C70CC58815} = {71FC6C8F-94BA-4096-9416-7587426E8703}
		{24842930-3716-431E-9EA4-CEA67C9E792A} = {FA661A36-DE6C-4794-9544-D0C70CC58815}
		{8A5AC621-8BC2-47C8-8634-38122D9801B6} = {71FC6C8F-94BA-4096-9416-7587426E8703}
		{82A455D7-A6BB-440D-8CF9-78868729E482} = {8A5AC621-8BC2-47C8-8634-38122D9801B6}
		{A8E5FAFC-762D-48BF-BDFD-9DE6712F09D2} = {71FC6C8F-94BA-4096-9416-7587426E8703}
		{A4379915-0686-4B9E-95DE-0C8C5C8A3C52} = {A8E5FAFC-762D-48BF-BDFD-9DE6712F09D2}
		{F3E3BB42-3588-4404-8BAD-6F9B6A3BF4FE} = {A4379915-0686-4B9E-95DE-0C8C5C8A3C52}
		{E2039174-3276-4EFD-9FD7-5D0F92C2AA8F} = {A4379915-0686-4B9E-95DE-0C8C5C8A3C52}
		{3B3016BA-4222-4188-AAF4-E818341BF9E3} = {A8E5FAFC-762D-48BF-BDFD-9DE6712F09D2}
		{6F33813B-70FE-44BD-A253-EE6E997D73CE} = {3B3016BA-4222-4188-AAF4-E818341BF9E3}
		{CFE94A60-A944-4579-A4C7-1A9A332408E8} = {A8E5FAFC-762D-48BF-BDFD-9DE6712F09D2}
		{F8D48698-34E0-4AC3-BA57-B474E19AF0B8} = {CFE94A60-A944-4579-A4C7-1A9A332408E8}
		{D5AE5C94-053D-4606-91DC-70E0EF0023C0} = {A8E5FAFC-762D-48BF-BDFD-9DE6712F09D2}
		{5E6A6D6B-388C-452D-AABA-AD6F0BB7C6F0} = {D5AE5C94-053D-4606-91DC-70E0EF0023C0}
		{9D3F10F7-BB73-4D8F-9449-9E2CE324026C} = {71FC6C8F-94BA-4096-9416-7587426E8703}
		{3B00E850-80E7-4F6D-8414-437CEE5C9443} = {9D3F10F7-BB73-4D8F-9449-9E2CE324026C}
		{0BDC562F-1AD8-470E-ADB8-76FF6AFE30B2} = {9D3F10F7-BB73-4D8F-9449-9E2CE324026C}
		{FB7739F8-BAFC-4326-85B6-BE374907255D} = {9D3F10F7-BB73-4D8F-9449-9E2CE324026C}
		{B10DCA45-F394-40D6-959B-0636C9A8E448} = {9D3F10F7-BB73-4D8F-9449-9E2CE324026C}
	EndGlobalSection
	GlobalSection(ExtensibilityGlobals) = postSolution
		SolutionGuid = {2E29E045-5883-4895-8CE7-EFCB4BFDACB8}
	EndGlobalSection
EndGlobal
